
Microsoft Visual Studio Solution File, Format Version 12.00
# Visual Studio Version 17
VisualStudioVersion = 17.9.34728.123
MinimumVisualStudioVersion = 10.0.40219.1
Project("{FAE04EC0-301F-11D3-BF4B-00C04F79EFBC}") = "ProofOfConcept", "ProofOfConcept\ProofOfConcept.csproj", "{D3F3E36A-256F-4EFB-AB2A-57797A04DA2C}"
EndProject
Global
	GlobalSection(SolutionConfigurationPlatforms) = preSolution
		Debug|Any CPU = Debug|Any CPU
		Release|Any CPU = Release|Any CPU
	EndGlobalSection
	GlobalSection(ProjectConfigurationPlatforms) = postSolution
		{D3F3E36A-256F-4EFB-AB2A-57797A04DA2C}.Debug|Any CPU.ActiveCfg = Debug|Any CPU
		{D3F3E36A-256F-4EFB-AB2A-57797A04DA2C}.Debug|Any CPU.Build.0 = Debug|Any CPU
		{D3F3E36A-256F-4EFB-AB2A-57797A04DA2C}.Release|Any CPU.ActiveCfg = Release|Any CPU
		{D3F3E36A-256F-4EFB-AB2A-57797A04DA2C}.Release|Any CPU.Build.0 = Release|Any CPU
	EndGlobalSection
	GlobalSection(SolutionProperties) = preSolution
		HideSolutionNode = FALSE
	EndGlobalSection
	GlobalSection(ExtensibilityGlobals) = postSolution
		SolutionGuid = {B5AD7572-7476-4746-9BE3-705C1F6DF112}
	EndGlobalSection
EndGlobal
